
Microsoft Visual Studio Solution File, Format Version 12.00
# Visual Studio Version 17
VisualStudioVersion = 17.6.33829.357
MinimumVisualStudioVersion = 10.0.40219.1
Project("{FAE04EC0-301F-11D3-BF4B-00C04F79EFBC}") = "Pulsaciones_basic", "Pulsaciones_basic\Pulsaciones_basic.csproj", "{606BC65F-29DD-4DBE-9507-6B70F3EF0AF9}"
EndProject
Global
	GlobalSection(SolutionConfigurationPlatforms) = preSolution
		Debug|Any CPU = Debug|Any CPU
		Release|Any CPU = Release|Any CPU
	EndGlobalSection
	GlobalSection(ProjectConfigurationPlatforms) = postSolution
		{606BC65F-29DD-4DBE-9507-6B70F3EF0AF9}.Debug|Any CPU.ActiveCfg = Debug|Any CPU
		{606BC65F-29DD-4DBE-9507-6B70F3EF0AF9}.Debug|Any CPU.Build.0 = Debug|Any CPU
		{606BC65F-29DD-4DBE-9507-6B70F3EF0AF9}.Release|Any CPU.ActiveCfg = Release|Any CPU
		{606BC65F-29DD-4DBE-9507-6B70F3EF0AF9}.Release|Any CPU.Build.0 = Release|Any CPU
	EndGlobalSection
	GlobalSection(SolutionProperties) = preSolution
		HideSolutionNode = FALSE
	EndGlobalSection
	GlobalSection(ExtensibilityGlobals) = postSolution
		SolutionGuid = {3067FCF0-69EE-4C55-ACA9-E137C2D9D991}
	EndGlobalSection
EndGlobal
